<?xml version="1.0" encoding="utf-8"?>
<Project ToolsVersion="4.0" xmlns="http://schemas.microsoft.com/developer/msbuild/2003">
  <ItemGroup>
    <Filter Include="Assets">
      <UniqueIdentifier>50787949-7d07-46e1-af41-446e19f9314c</UniqueIdentifier>
      <Extensions>bmp;fbx;gif;jpg;jpeg;tga;tiff;tif;png</Extensions>
    </Filter>
    <Image Include="Assets\LockScreenLogo.scale-200.png">
      <Filter>Assets</Filter>
    </Image>
    <Image Include="Assets\SplashScreen.scale-200.png">
      <Filter>Assets</Filter>
    </Image>
    <Image Include="Assets\Square150x150Logo.scale-200.png">
      <Filter>Assets</Filter>
    </Image>
    <Image Include="Assets\Square44x44Logo.scale-200.png">
      <Filter>Assets</Filter>
    </Image>
    <Image Include="Assets\Square44x44Logo.targetsize-24_altform-unplated.png">
      <Filter>Assets</Filter>
    </Image>
    <Image Include="Assets\Wide310x150Logo.scale-200.png">
      <Filter>Assets</Filter>
    </Image>
    <Filter Include="OpenGLES">
      <UniqueIdentifier>{ebfc7871-6029-4b77-aa4a-c017e59b5f17}</UniqueIdentifier>
    </Filter>
    <Filter Include="TimeLine">
      <UniqueIdentifier>{47dbd42c-08b0-4e4a-aac5-ecfb04bd1a16}</UniqueIdentifier>
    </Filter>
    <Filter Include="UI">
      <UniqueIdentifier>{aa5f7816-83ec-4aef-ad43-5d8ab78fada6}</UniqueIdentifier>
    </Filter>
  </ItemGroup>
  <ItemGroup>
    <ApplicationDefinition Include="App.xaml" />
  </ItemGroup>
  <ItemGroup>
    <ClCompile Include="App.xaml.cpp" />
    <ClCompile Include="pch.cpp" />
    <ClCompile Include="OpenGLUserControl.xaml.cpp" />
    <ClCompile Include="OpenGLES.cpp">
      <Filter>OpenGLES</Filter>
    </ClCompile>
    <ClCompile Include="TimeLine\TimeLineControl.xaml.cpp" />
    <ClCompile Include="TimeLine\TimeLineData.xaml.cpp" />
  </ItemGroup>
  <ItemGroup>
    <ClInclude Include="App.xaml.h" />
    <ClInclude Include="pch.h" />
    <ClInclude Include="OpenGLUserControl.xaml.h" />
    <ClInclude Include="OpenGLES.h">
      <Filter>OpenGLES</Filter>
    </ClInclude>
    <ClInclude Include="TimeLine\TimeLineControl.xaml.h" />
    <ClInclude Include="TimeLine\TimeLineData.xaml.h" />
  </ItemGroup>
  <ItemGroup>
    <Image Include="Assets\StoreLogo.png">
      <Filter>Assets</Filter>
    </Image>
  </ItemGroup>
  <ItemGroup>
    <AppxManifest Include="Package.appxmanifest" />
  </ItemGroup>
  <ItemGroup>
    <None Include="UWP_Angle_EmptyProject_TemporaryKey.pfx" />
    <None Include="packages.config" />
  </ItemGroup>
  <ItemGroup>
    <Page Include="OpenGLUserControl.xaml" />
    <Page Include="TimeLine\TimeLineControl.xaml">
      <Filter>TimeLine</Filter>
    </Page>
    <Page Include="TimeLine\TimeLineData.xaml">
      <Filter>TimeLine</Filter>
    </Page>
    <Page Include="NavPage.xaml">
      <Filter>UI</Filter>
    </Page>
  </ItemGroup>
</Project>