Microsoft Visual Studio Solution File, Format Version 12.00
# Visual Studio 15
VisualStudioVersion = 15.0.28307.329
MinimumVisualStudioVersion = 10.0.40219.1
Project("{8BC9CEB8-8B4A-11D0-8D11-00A0C91BC942}") = "AndroidCoreLib", "AndroidCoreLib\AndroidCoreLib.vcxproj", "{1C02AF53-C465-47A4-A314-B3F1FBFC55E2}"
EndProject
Project("{8BC9CEB8-8B4A-11D0-8D11-00A0C91BC942}") = "Ogg", "ogg\Ogg.vcxproj", "{55CA6493-BE7E-4A6A-8457-3F5D8369BDD4}"
EndProject
Project("{8BC9CEB8-8B4A-11D0-8D11-00A0C91BC942}") = "FishingFun", "FishFun\FishFun.vcxproj", "{7F80DEE8-AA71-43FE-AA2B-B702D3B1FCE0}"
	ProjectSection(ProjectDependencies) = postProject
		{722F0249-0DD9-4E89-9807-877F95A428FC} = {722F0249-0DD9-4E89-9807-877F95A428FC}
		{1C02AF53-C465-47A4-A314-B3F1FBFC55E2} = {1C02AF53-C465-47A4-A314-B3F1FBFC55E2}
		{E8EB875D-3F6A-4912-9FA6-C43B3420D27A} = {E8EB875D-3F6A-4912-9FA6-C43B3420D27A}
		{55CA6493-BE7E-4A6A-8457-3F5D8369BDD4} = {55CA6493-BE7E-4A6A-8457-3F5D8369BDD4}
		{C713EEAE-EC40-414B-9552-5531B0BC14FA} = {C713EEAE-EC40-414B-9552-5531B0BC14FA}
	EndProjectSection
EndProject
Project("{8BC9CEB8-8B4A-11D0-8D11-00A0C91BC942}") = "Bullet", "Bullet\Bullet.vcxproj", "{722F0249-0DD9-4E89-9807-877F95A428FC}"
EndProject
Project("{8BC9CEB8-8B4A-11D0-8D11-00A0C91BC942}") = "FatmingAI", "FatmingAI\FatmingAI.vcxproj", "{E8EB875D-3F6A-4912-9FA6-C43B3420D27A}"
EndProject
Project("{8BC9CEB8-8B4A-11D0-8D11-00A0C91BC942}") = "FatmingCollada", "FatmingCollada\FatmingCollada.vcxproj", "{C713EEAE-EC40-414B-9552-5531B0BC14FA}"
EndProject
Project("{8BC9CEB8-8B4A-11D0-8D11-00A0C91BC942}") = "MUParser", "MUParser\MUParser.vcxproj", "{A3A9A544-CDA5-469D-A793-E3C5080B6F65}"
EndProject
Project("{8BC9CEB8-8B4A-11D0-8D11-00A0C91BC942}") = "EmptyAndroidProject", "EmptyAndroidProject\EmptyAndroidProject.vcxproj", "{9D05F3D9-EC6D-4242-B847-B9A76F17FB3B}"
EndProject
Project("{8BC9CEB8-8B4A-11D0-8D11-00A0C91BC942}") = "BluffingGirl", "BluffingGirl\BluffingGirl.vcxproj", "{2D821114-8C7A-438D-A2A9-1E401A543D2D}"
EndProject
Project("{8BC9CEB8-8B4A-11D0-8D11-00A0C91BC942}") = "MusicGame", "MusicGame\MusicGame.vcxproj", "{011B2BBF-1C83-440E-8340-36FDC0F2205D}"
EndProject
Project("{8BC9CEB8-8B4A-11D0-8D11-00A0C91BC942}") = "Freetype", "..\Freetype\Freetype.vcxproj", "{29840BD0-19C2-4DDD-BC75-2EC94B6C9EEC}"
EndProject
Project("{8BC9CEB8-8B4A-11D0-8D11-00A0C91BC942}") = "FMEvent", "FMEvent\FMEvent.vcxproj", "{F80B6D73-CA42-4949-BE7F-69520872C43A}"
EndProject
Global
	GlobalSection(SolutionConfigurationPlatforms) = preSolution
		Debug|Emscripten = Debug|Emscripten
		Debug|Mixed Platforms = Debug|Mixed Platforms
		Debug|Tegra-Android = Debug|Tegra-Android
		Debug|x64 = Debug|x64
		Profile|Emscripten = Profile|Emscripten
		Profile|Mixed Platforms = Profile|Mixed Platforms
		Profile|Tegra-Android = Profile|Tegra-Android
		Profile|x64 = Profile|x64
		Release|Emscripten = Release|Emscripten
		Release|Mixed Platforms = Release|Mixed Platforms
		Release|Tegra-Android = Release|Tegra-Android
		Release|x64 = Release|x64
		Shipping|Emscripten = Shipping|Emscripten
		Shipping|Mixed Platforms = Shipping|Mixed Platforms
		Shipping|Tegra-Android = Shipping|Tegra-Android
		Shipping|x64 = Shipping|x64
	EndGlobalSection
	GlobalSection(ProjectConfigurationPlatforms) = postSolution
		{1C02AF53-C465-47A4-A314-B3F1FBFC55E2}.Debug|Emscripten.ActiveCfg = Debug|Tegra-Android
		{1C02AF53-C465-47A4-A314-B3F1FBFC55E2}.Debug|Mixed Platforms.ActiveCfg = Debug|Tegra-Android
		{1C02AF53-C465-47A4-A314-B3F1FBFC55E2}.Debug|Mixed Platforms.Build.0 = Debug|Tegra-Android
		{1C02AF53-C465-47A4-A314-B3F1FBFC55E2}.Debug|Tegra-Android.ActiveCfg = Debug|Tegra-Android
		{1C02AF53-C465-47A4-A314-B3F1FBFC55E2}.Debug|Tegra-Android.Build.0 = Debug|Tegra-Android
		{1C02AF53-C465-47A4-A314-B3F1FBFC55E2}.Debug|x64.ActiveCfg = Debug|Tegra-Android
		{1C02AF53-C465-47A4-A314-B3F1FBFC55E2}.Profile|Emscripten.ActiveCfg = Profile|Tegra-Android
		{1C02AF53-C465-47A4-A314-B3F1FBFC55E2}.Profile|Mixed Platforms.ActiveCfg = Profile|Tegra-Android
		{1C02AF53-C465-47A4-A314-B3F1FBFC55E2}.Profile|Mixed Platforms.Build.0 = Profile|Tegra-Android
		{1C02AF53-C465-47A4-A314-B3F1FBFC55E2}.Profile|Tegra-Android.ActiveCfg = Profile|Tegra-Android
		{1C02AF53-C465-47A4-A314-B3F1FBFC55E2}.Profile|Tegra-Android.Build.0 = Profile|Tegra-Android
		{1C02AF53-C465-47A4-A314-B3F1FBFC55E2}.Profile|x64.ActiveCfg = Profile|Tegra-Android
		{1C02AF53-C465-47A4-A314-B3F1FBFC55E2}.Release|Emscripten.ActiveCfg = Release|Tegra-Android
		{1C02AF53-C465-47A4-A314-B3F1FBFC55E2}.Release|Mixed Platforms.ActiveCfg = Release|Tegra-Android
		{1C02AF53-C465-47A4-A314-B3F1FBFC55E2}.Release|Mixed Platforms.Build.0 = Release|Tegra-Android
		{1C02AF53-C465-47A4-A314-B3F1FBFC55E2}.Release|Tegra-Android.ActiveCfg = Release|Tegra-Android
		{1C02AF53-C465-47A4-A314-B3F1FBFC55E2}.Release|Tegra-Android.Build.0 = Release|Tegra-Android
		{1C02AF53-C465-47A4-A314-B3F1FBFC55E2}.Release|x64.ActiveCfg = Release|Tegra-Android
		{1C02AF53-C465-47A4-A314-B3F1FBFC55E2}.Shipping|Emscripten.ActiveCfg = Release|Tegra-Android
		{1C02AF53-C465-47A4-A314-B3F1FBFC55E2}.Shipping|Emscripten.Build.0 = Release|Tegra-Android
		{1C02AF53-C465-47A4-A314-B3F1FBFC55E2}.Shipping|Mixed Platforms.ActiveCfg = Release|Tegra-Android
		{1C02AF53-C465-47A4-A314-B3F1FBFC55E2}.Shipping|Mixed Platforms.Build.0 = Release|Tegra-Android
		{1C02AF53-C465-47A4-A314-B3F1FBFC55E2}.Shipping|Tegra-Android.ActiveCfg = Release|Tegra-Android
		{1C02AF53-C465-47A4-A314-B3F1FBFC55E2}.Shipping|Tegra-Android.Build.0 = Release|Tegra-Android
		{1C02AF53-C465-47A4-A314-B3F1FBFC55E2}.Shipping|x64.ActiveCfg = Release|Tegra-Android
		{1C02AF53-C465-47A4-A314-B3F1FBFC55E2}.Shipping|x64.Build.0 = Release|Tegra-Android
		{55CA6493-BE7E-4A6A-8457-3F5D8369BDD4}.Debug|Emscripten.ActiveCfg = Debug|Tegra-Android
		{55CA6493-BE7E-4A6A-8457-3F5D8369BDD4}.Debug|Mixed Platforms.ActiveCfg = Debug|Tegra-Android
		{55CA6493-BE7E-4A6A-8457-3F5D8369BDD4}.Debug|Mixed Platforms.Build.0 = Debug|Tegra-Android
		{55CA6493-BE7E-4A6A-8457-3F5D8369BDD4}.Debug|Tegra-Android.ActiveCfg = Debug|Tegra-Android
		{55CA6493-BE7E-4A6A-8457-3F5D8369BDD4}.Debug|Tegra-Android.Build.0 = Debug|Tegra-Android
		{55CA6493-BE7E-4A6A-8457-3F5D8369BDD4}.Debug|x64.ActiveCfg = Debug|Tegra-Android
		{55CA6493-BE7E-4A6A-8457-3F5D8369BDD4}.Profile|Emscripten.ActiveCfg = Profile|Tegra-Android
		{55CA6493-BE7E-4A6A-8457-3F5D8369BDD4}.Profile|Mixed Platforms.ActiveCfg = Profile|Tegra-Android
		{55CA6493-BE7E-4A6A-8457-3F5D8369BDD4}.Profile|Mixed Platforms.Build.0 = Profile|Tegra-Android
		{55CA6493-BE7E-4A6A-8457-3F5D8369BDD4}.Profile|Tegra-Android.ActiveCfg = Profile|Tegra-Android
		{55CA6493-BE7E-4A6A-8457-3F5D8369BDD4}.Profile|Tegra-Android.Build.0 = Profile|Tegra-Android
		{55CA6493-BE7E-4A6A-8457-3F5D8369BDD4}.Profile|x64.ActiveCfg = Profile|Tegra-Android
		{55CA6493-BE7E-4A6A-8457-3F5D8369BDD4}.Release|Emscripten.ActiveCfg = Release|Tegra-Android
		{55CA6493-BE7E-4A6A-8457-3F5D8369BDD4}.Release|Mixed Platforms.ActiveCfg = Release|Tegra-Android
		{55CA6493-BE7E-4A6A-8457-3F5D8369BDD4}.Release|Mixed Platforms.Build.0 = Release|Tegra-Android
		{55CA6493-BE7E-4A6A-8457-3F5D8369BDD4}.Release|Tegra-Android.ActiveCfg = Release|Tegra-Android
		{55CA6493-BE7E-4A6A-8457-3F5D8369BDD4}.Release|Tegra-Android.Build.0 = Release|Tegra-Android
		{55CA6493-BE7E-4A6A-8457-3F5D8369BDD4}.Release|x64.ActiveCfg = Release|Tegra-Android
		{55CA6493-BE7E-4A6A-8457-3F5D8369BDD4}.Shipping|Emscripten.ActiveCfg = Release|Tegra-Android
		{55CA6493-BE7E-4A6A-8457-3F5D8369BDD4}.Shipping|Emscripten.Build.0 = Release|Tegra-Android
		{55CA6493-BE7E-4A6A-8457-3F5D8369BDD4}.Shipping|Mixed Platforms.ActiveCfg = Release|Tegra-Android
		{55CA6493-BE7E-4A6A-8457-3F5D8369BDD4}.Shipping|Mixed Platforms.Build.0 = Release|Tegra-Android
		{55CA6493-BE7E-4A6A-8457-3F5D8369BDD4}.Shipping|Tegra-Android.ActiveCfg = Release|Tegra-Android
		{55CA6493-BE7E-4A6A-8457-3F5D8369BDD4}.Shipping|Tegra-Android.Build.0 = Release|Tegra-Android
		{55CA6493-BE7E-4A6A-8457-3F5D8369BDD4}.Shipping|x64.ActiveCfg = Release|Tegra-Android
		{55CA6493-BE7E-4A6A-8457-3F5D8369BDD4}.Shipping|x64.Build.0 = Release|Tegra-Android
		{7F80DEE8-AA71-43FE-AA2B-B702D3B1FCE0}.Debug|Emscripten.ActiveCfg = Debug|Tegra-Android
		{7F80DEE8-AA71-43FE-AA2B-B702D3B1FCE0}.Debug|Mixed Platforms.ActiveCfg = Debug|Tegra-Android
		{7F80DEE8-AA71-43FE-AA2B-B702D3B1FCE0}.Debug|Mixed Platforms.Build.0 = Debug|Tegra-Android
		{7F80DEE8-AA71-43FE-AA2B-B702D3B1FCE0}.Debug|Tegra-Android.ActiveCfg = Debug|Tegra-Android
		{7F80DEE8-AA71-43FE-AA2B-B702D3B1FCE0}.Debug|Tegra-Android.Build.0 = Debug|Tegra-Android
		{7F80DEE8-AA71-43FE-AA2B-B702D3B1FCE0}.Debug|x64.ActiveCfg = Debug|Tegra-Android
		{7F80DEE8-AA71-43FE-AA2B-B702D3B1FCE0}.Profile|Emscripten.ActiveCfg = Profile|Tegra-Android
		{7F80DEE8-AA71-43FE-AA2B-B702D3B1FCE0}.Profile|Mixed Platforms.ActiveCfg = Profile|Tegra-Android
		{7F80DEE8-AA71-43FE-AA2B-B702D3B1FCE0}.Profile|Mixed Platforms.Build.0 = Profile|Tegra-Android
		{7F80DEE8-AA71-43FE-AA2B-B702D3B1FCE0}.Profile|Tegra-Android.ActiveCfg = Profile|Tegra-Android
		{7F80DEE8-AA71-43FE-AA2B-B702D3B1FCE0}.Profile|Tegra-Android.Build.0 = Profile|Tegra-Android
		{7F80DEE8-AA71-43FE-AA2B-B702D3B1FCE0}.Profile|x64.ActiveCfg = Profile|Tegra-Android
		{7F80DEE8-AA71-43FE-AA2B-B702D3B1FCE0}.Release|Emscripten.ActiveCfg = Release|Tegra-Android
		{7F80DEE8-AA71-43FE-AA2B-B702D3B1FCE0}.Release|Mixed Platforms.ActiveCfg = Release|Tegra-Android
		{7F80DEE8-AA71-43FE-AA2B-B702D3B1FCE0}.Release|Mixed Platforms.Build.0 = Release|Tegra-Android
		{7F80DEE8-AA71-43FE-AA2B-B702D3B1FCE0}.Release|Tegra-Android.ActiveCfg = Release|Tegra-Android
		{7F80DEE8-AA71-43FE-AA2B-B702D3B1FCE0}.Release|Tegra-Android.Build.0 = Release|Tegra-Android
		{7F80DEE8-AA71-43FE-AA2B-B702D3B1FCE0}.Release|x64.ActiveCfg = Release|Tegra-Android
		{7F80DEE8-AA71-43FE-AA2B-B702D3B1FCE0}.Shipping|Emscripten.ActiveCfg = Release|Tegra-Android
		{7F80DEE8-AA71-43FE-AA2B-B702D3B1FCE0}.Shipping|Emscripten.Build.0 = Release|Tegra-Android
		{7F80DEE8-AA71-43FE-AA2B-B702D3B1FCE0}.Shipping|Mixed Platforms.ActiveCfg = Release|Tegra-Android
		{7F80DEE8-AA71-43FE-AA2B-B702D3B1FCE0}.Shipping|Mixed Platforms.Build.0 = Release|Tegra-Android
		{7F80DEE8-AA71-43FE-AA2B-B702D3B1FCE0}.Shipping|Tegra-Android.ActiveCfg = Release|Tegra-Android
		{7F80DEE8-AA71-43FE-AA2B-B702D3B1FCE0}.Shipping|Tegra-Android.Build.0 = Release|Tegra-Android
		{7F80DEE8-AA71-43FE-AA2B-B702D3B1FCE0}.Shipping|x64.ActiveCfg = Release|Tegra-Android
		{7F80DEE8-AA71-43FE-AA2B-B702D3B1FCE0}.Shipping|x64.Build.0 = Release|Tegra-Android
		{722F0249-0DD9-4E89-9807-877F95A428FC}.Debug|Emscripten.ActiveCfg = Debug|Tegra-Android
		{722F0249-0DD9-4E89-9807-877F95A428FC}.Debug|Mixed Platforms.ActiveCfg = Debug|Tegra-Android
		{722F0249-0DD9-4E89-9807-877F95A428FC}.Debug|Mixed Platforms.Build.0 = Debug|Tegra-Android
		{722F0249-0DD9-4E89-9807-877F95A428FC}.Debug|Tegra-Android.ActiveCfg = Debug|Tegra-Android
		{722F0249-0DD9-4E89-9807-877F95A428FC}.Debug|Tegra-Android.Build.0 = Debug|Tegra-Android
		{722F0249-0DD9-4E89-9807-877F95A428FC}.Debug|x64.ActiveCfg = Debug|Tegra-Android
		{722F0249-0DD9-4E89-9807-877F95A428FC}.Profile|Emscripten.ActiveCfg = Profile|Tegra-Android
		{722F0249-0DD9-4E89-9807-877F95A428FC}.Profile|Mixed Platforms.ActiveCfg = Profile|Tegra-Android
		{722F0249-0DD9-4E89-9807-877F95A428FC}.Profile|Mixed Platforms.Build.0 = Profile|Tegra-Android
		{722F0249-0DD9-4E89-9807-877F95A428FC}.Profile|Tegra-Android.ActiveCfg = Profile|Tegra-Android
		{722F0249-0DD9-4E89-9807-877F95A428FC}.Profile|Tegra-Android.Build.0 = Profile|Tegra-Android
		{722F0249-0DD9-4E89-9807-877F95A428FC}.Profile|x64.ActiveCfg = Profile|Tegra-Android
		{722F0249-0DD9-4E89-9807-877F95A428FC}.Release|Emscripten.ActiveCfg = Release|Tegra-Android
		{722F0249-0DD9-4E89-9807-877F95A428FC}.Release|Mixed Platforms.ActiveCfg = Release|Tegra-Android
		{722F0249-0DD9-4E89-9807-877F95A428FC}.Release|Mixed Platforms.Build.0 = Release|Tegra-Android
		{722F0249-0DD9-4E89-9807-877F95A428FC}.Release|Tegra-Android.ActiveCfg = Release|Tegra-Android
		{722F0249-0DD9-4E89-9807-877F95A428FC}.Release|Tegra-Android.Build.0 = Release|Tegra-Android
		{722F0249-0DD9-4E89-9807-877F95A428FC}.Release|x64.ActiveCfg = Release|Tegra-Android
		{722F0249-0DD9-4E89-9807-877F95A428FC}.Shipping|Emscripten.ActiveCfg = Release|Tegra-Android
		{722F0249-0DD9-4E89-9807-877F95A428FC}.Shipping|Emscripten.Build.0 = Release|Tegra-Android
		{722F0249-0DD9-4E89-9807-877F95A428FC}.Shipping|Mixed Platforms.ActiveCfg = Release|Tegra-Android
		{722F0249-0DD9-4E89-9807-877F95A428FC}.Shipping|Mixed Platforms.Build.0 = Release|Tegra-Android
		{722F0249-0DD9-4E89-9807-877F95A428FC}.Shipping|Tegra-Android.ActiveCfg = Release|Tegra-Android
		{722F0249-0DD9-4E89-9807-877F95A428FC}.Shipping|Tegra-Android.Build.0 = Release|Tegra-Android
		{722F0249-0DD9-4E89-9807-877F95A428FC}.Shipping|x64.ActiveCfg = Release|Tegra-Android
		{722F0249-0DD9-4E89-9807-877F95A428FC}.Shipping|x64.Build.0 = Release|Tegra-Android
		{E8EB875D-3F6A-4912-9FA6-C43B3420D27A}.Debug|Emscripten.ActiveCfg = Debug|Tegra-Android
		{E8EB875D-3F6A-4912-9FA6-C43B3420D27A}.Debug|Mixed Platforms.ActiveCfg = Debug|Tegra-Android
		{E8EB875D-3F6A-4912-9FA6-C43B3420D27A}.Debug|Mixed Platforms.Build.0 = Debug|Tegra-Android
		{E8EB875D-3F6A-4912-9FA6-C43B3420D27A}.Debug|Tegra-Android.ActiveCfg = Debug|Tegra-Android
		{E8EB875D-3F6A-4912-9FA6-C43B3420D27A}.Debug|Tegra-Android.Build.0 = Debug|Tegra-Android
		{E8EB875D-3F6A-4912-9FA6-C43B3420D27A}.Debug|x64.ActiveCfg = Debug|Tegra-Android
		{E8EB875D-3F6A-4912-9FA6-C43B3420D27A}.Profile|Emscripten.ActiveCfg = Profile|Tegra-Android
		{E8EB875D-3F6A-4912-9FA6-C43B3420D27A}.Profile|Mixed Platforms.ActiveCfg = Profile|Tegra-Android
		{E8EB875D-3F6A-4912-9FA6-C43B3420D27A}.Profile|Mixed Platforms.Build.0 = Profile|Tegra-Android
		{E8EB875D-3F6A-4912-9FA6-C43B3420D27A}.Profile|Tegra-Android.ActiveCfg = Profile|Tegra-Android
		{E8EB875D-3F6A-4912-9FA6-C43B3420D27A}.Profile|Tegra-Android.Build.0 = Profile|Tegra-Android
		{E8EB875D-3F6A-4912-9FA6-C43B3420D27A}.Profile|x64.ActiveCfg = Profile|Tegra-Android
		{E8EB875D-3F6A-4912-9FA6-C43B3420D27A}.Release|Emscripten.ActiveCfg = Release|Tegra-Android
		{E8EB875D-3F6A-4912-9FA6-C43B3420D27A}.Release|Mixed Platforms.ActiveCfg = Release|Tegra-Android
		{E8EB875D-3F6A-4912-9FA6-C43B3420D27A}.Release|Mixed Platforms.Build.0 = Release|Tegra-Android
		{E8EB875D-3F6A-4912-9FA6-C43B3420D27A}.Release|Tegra-Android.ActiveCfg = Release|Tegra-Android
		{E8EB875D-3F6A-4912-9FA6-C43B3420D27A}.Release|Tegra-Android.Build.0 = Release|Tegra-Android
		{E8EB875D-3F6A-4912-9FA6-C43B3420D27A}.Release|x64.ActiveCfg = Release|Tegra-Android
		{E8EB875D-3F6A-4912-9FA6-C43B3420D27A}.Shipping|Emscripten.ActiveCfg = Release|Tegra-Android
		{E8EB875D-3F6A-4912-9FA6-C43B3420D27A}.Shipping|Emscripten.Build.0 = Release|Tegra-Android
		{E8EB875D-3F6A-4912-9FA6-C43B3420D27A}.Shipping|Mixed Platforms.ActiveCfg = Release|Tegra-Android
		{E8EB875D-3F6A-4912-9FA6-C43B3420D27A}.Shipping|Mixed Platforms.Build.0 = Release|Tegra-Android
		{E8EB875D-3F6A-4912-9FA6-C43B3420D27A}.Shipping|Tegra-Android.ActiveCfg = Release|Tegra-Android
		{E8EB875D-3F6A-4912-9FA6-C43B3420D27A}.Shipping|Tegra-Android.Build.0 = Release|Tegra-Android
		{E8EB875D-3F6A-4912-9FA6-C43B3420D27A}.Shipping|x64.ActiveCfg = Release|Tegra-Android
		{E8EB875D-3F6A-4912-9FA6-C43B3420D27A}.Shipping|x64.Build.0 = Release|Tegra-Android
		{C713EEAE-EC40-414B-9552-5531B0BC14FA}.Debug|Emscripten.ActiveCfg = Debug|Tegra-Android
		{C713EEAE-EC40-414B-9552-5531B0BC14FA}.Debug|Mixed Platforms.ActiveCfg = Debug|Tegra-Android
		{C713EEAE-EC40-414B-9552-5531B0BC14FA}.Debug|Mixed Platforms.Build.0 = Debug|Tegra-Android
		{C713EEAE-EC40-414B-9552-5531B0BC14FA}.Debug|Tegra-Android.ActiveCfg = Debug|Tegra-Android
		{C713EEAE-EC40-414B-9552-5531B0BC14FA}.Debug|Tegra-Android.Build.0 = Debug|Tegra-Android
		{C713EEAE-EC40-414B-9552-5531B0BC14FA}.Debug|x64.ActiveCfg = Debug|Tegra-Android
		{C713EEAE-EC40-414B-9552-5531B0BC14FA}.Profile|Emscripten.ActiveCfg = Profile|Tegra-Android
		{C713EEAE-EC40-414B-9552-5531B0BC14FA}.Profile|Mixed Platforms.ActiveCfg = Profile|Tegra-Android
		{C713EEAE-EC40-414B-9552-5531B0BC14FA}.Profile|Mixed Platforms.Build.0 = Profile|Tegra-Android
		{C713EEAE-EC40-414B-9552-5531B0BC14FA}.Profile|Tegra-Android.ActiveCfg = Profile|Tegra-Android
		{C713EEAE-EC40-414B-9552-5531B0BC14FA}.Profile|Tegra-Android.Build.0 = Profile|Tegra-Android
		{C713EEAE-EC40-414B-9552-5531B0BC14FA}.Profile|x64.ActiveCfg = Profile|Tegra-Android
		{C713EEAE-EC40-414B-9552-5531B0BC14FA}.Release|Emscripten.ActiveCfg = Release|Tegra-Android
		{C713EEAE-EC40-414B-9552-5531B0BC14FA}.Release|Mixed Platforms.ActiveCfg = Release|Tegra-Android
		{C713EEAE-EC40-414B-9552-5531B0BC14FA}.Release|Mixed Platforms.Build.0 = Release|Tegra-Android
		{C713EEAE-EC40-414B-9552-5531B0BC14FA}.Release|Tegra-Android.ActiveCfg = Release|Tegra-Android
		{C713EEAE-EC40-414B-9552-5531B0BC14FA}.Release|Tegra-Android.Build.0 = Release|Tegra-Android
		{C713EEAE-EC40-414B-9552-5531B0BC14FA}.Release|x64.ActiveCfg = Release|Tegra-Android
		{C713EEAE-EC40-414B-9552-5531B0BC14FA}.Shipping|Emscripten.ActiveCfg = Release|Tegra-Android
		{C713EEAE-EC40-414B-9552-5531B0BC14FA}.Shipping|Emscripten.Build.0 = Release|Tegra-Android
		{C713EEAE-EC40-414B-9552-5531B0BC14FA}.Shipping|Mixed Platforms.ActiveCfg = Release|Tegra-Android
		{C713EEAE-EC40-414B-9552-5531B0BC14FA}.Shipping|Mixed Platforms.Build.0 = Release|Tegra-Android
		{C713EEAE-EC40-414B-9552-5531B0BC14FA}.Shipping|Tegra-Android.ActiveCfg = Release|Tegra-Android
		{C713EEAE-EC40-414B-9552-5531B0BC14FA}.Shipping|Tegra-Android.Build.0 = Release|Tegra-Android
		{C713EEAE-EC40-414B-9552-5531B0BC14FA}.Shipping|x64.ActiveCfg = Release|Tegra-Android
		{C713EEAE-EC40-414B-9552-5531B0BC14FA}.Shipping|x64.Build.0 = Release|Tegra-Android
		{A3A9A544-CDA5-469D-A793-E3C5080B6F65}.Debug|Emscripten.ActiveCfg = Debug|Tegra-Android
		{A3A9A544-CDA5-469D-A793-E3C5080B6F65}.Debug|Mixed Platforms.ActiveCfg = Debug|Tegra-Android
		{A3A9A544-CDA5-469D-A793-E3C5080B6F65}.Debug|Mixed Platforms.Build.0 = Debug|Tegra-Android
		{A3A9A544-CDA5-469D-A793-E3C5080B6F65}.Debug|Tegra-Android.ActiveCfg = Debug|Tegra-Android
		{A3A9A544-CDA5-469D-A793-E3C5080B6F65}.Debug|Tegra-Android.Build.0 = Debug|Tegra-Android
		{A3A9A544-CDA5-469D-A793-E3C5080B6F65}.Debug|x64.ActiveCfg = Debug|Tegra-Android
		{A3A9A544-CDA5-469D-A793-E3C5080B6F65}.Profile|Emscripten.ActiveCfg = Release|Tegra-Android
		{A3A9A544-CDA5-469D-A793-E3C5080B6F65}.Profile|Emscripten.Build.0 = Release|Tegra-Android
		{A3A9A544-CDA5-469D-A793-E3C5080B6F65}.Profile|Mixed Platforms.ActiveCfg = Shipping|Tegra-Android
		{A3A9A544-CDA5-469D-A793-E3C5080B6F65}.Profile|Mixed Platforms.Build.0 = Shipping|Tegra-Android
		{A3A9A544-CDA5-469D-A793-E3C5080B6F65}.Profile|Tegra-Android.ActiveCfg = Shipping|Tegra-Android
		{A3A9A544-CDA5-469D-A793-E3C5080B6F65}.Profile|Tegra-Android.Build.0 = Shipping|Tegra-Android
		{A3A9A544-CDA5-469D-A793-E3C5080B6F65}.Profile|x64.ActiveCfg = Release|Tegra-Android
		{A3A9A544-CDA5-469D-A793-E3C5080B6F65}.Profile|x64.Build.0 = Release|Tegra-Android
		{A3A9A544-CDA5-469D-A793-E3C5080B6F65}.Release|Emscripten.ActiveCfg = Release|Tegra-Android
		{A3A9A544-CDA5-469D-A793-E3C5080B6F65}.Release|Mixed Platforms.ActiveCfg = Release|Tegra-Android
		{A3A9A544-CDA5-469D-A793-E3C5080B6F65}.Release|Mixed Platforms.Build.0 = Release|Tegra-Android
		{A3A9A544-CDA5-469D-A793-E3C5080B6F65}.Release|Tegra-Android.ActiveCfg = Release|Tegra-Android
		{A3A9A544-CDA5-469D-A793-E3C5080B6F65}.Release|Tegra-Android.Build.0 = Release|Tegra-Android
		{A3A9A544-CDA5-469D-A793-E3C5080B6F65}.Release|x64.ActiveCfg = Release|Tegra-Android
		{A3A9A544-CDA5-469D-A793-E3C5080B6F65}.Shipping|Emscripten.ActiveCfg = Shipping|Tegra-Android
		{A3A9A544-CDA5-469D-A793-E3C5080B6F65}.Shipping|Mixed Platforms.ActiveCfg = Shipping|Tegra-Android
		{A3A9A544-CDA5-469D-A793-E3C5080B6F65}.Shipping|Mixed Platforms.Build.0 = Shipping|Tegra-Android
		{A3A9A544-CDA5-469D-A793-E3C5080B6F65}.Shipping|Tegra-Android.ActiveCfg = Shipping|Tegra-Android
		{A3A9A544-CDA5-469D-A793-E3C5080B6F65}.Shipping|Tegra-Android.Build.0 = Shipping|Tegra-Android
		{A3A9A544-CDA5-469D-A793-E3C5080B6F65}.Shipping|x64.ActiveCfg = Shipping|Tegra-Android
		{9D05F3D9-EC6D-4242-B847-B9A76F17FB3B}.Debug|Emscripten.ActiveCfg = Debug|Tegra-Android
		{9D05F3D9-EC6D-4242-B847-B9A76F17FB3B}.Debug|Mixed Platforms.ActiveCfg = Debug|Tegra-Android
		{9D05F3D9-EC6D-4242-B847-B9A76F17FB3B}.Debug|Mixed Platforms.Build.0 = Debug|Tegra-Android
		{9D05F3D9-EC6D-4242-B847-B9A76F17FB3B}.Debug|Tegra-Android.ActiveCfg = Debug|Tegra-Android
		{9D05F3D9-EC6D-4242-B847-B9A76F17FB3B}.Debug|Tegra-Android.Build.0 = Debug|Tegra-Android
		{9D05F3D9-EC6D-4242-B847-B9A76F17FB3B}.Debug|x64.ActiveCfg = Debug|Tegra-Android
		{9D05F3D9-EC6D-4242-B847-B9A76F17FB3B}.Profile|Emscripten.ActiveCfg = Profile|Tegra-Android
		{9D05F3D9-EC6D-4242-B847-B9A76F17FB3B}.Profile|Mixed Platforms.ActiveCfg = Profile|Tegra-Android
		{9D05F3D9-EC6D-4242-B847-B9A76F17FB3B}.Profile|Mixed Platforms.Build.0 = Profile|Tegra-Android
		{9D05F3D9-EC6D-4242-B847-B9A76F17FB3B}.Profile|Tegra-Android.ActiveCfg = Profile|Tegra-Android
		{9D05F3D9-EC6D-4242-B847-B9A76F17FB3B}.Profile|Tegra-Android.Build.0 = Profile|Tegra-Android
		{9D05F3D9-EC6D-4242-B847-B9A76F17FB3B}.Profile|x64.ActiveCfg = Profile|Tegra-Android
		{9D05F3D9-EC6D-4242-B847-B9A76F17FB3B}.Release|Emscripten.ActiveCfg = Release|Tegra-Android
		{9D05F3D9-EC6D-4242-B847-B9A76F17FB3B}.Release|Mixed Platforms.ActiveCfg = Release|Tegra-Android
		{9D05F3D9-EC6D-4242-B847-B9A76F17FB3B}.Release|Mixed Platforms.Build.0 = Release|Tegra-Android
		{9D05F3D9-EC6D-4242-B847-B9A76F17FB3B}.Release|Tegra-Android.ActiveCfg = Release|Tegra-Android
		{9D05F3D9-EC6D-4242-B847-B9A76F17FB3B}.Release|Tegra-Android.Build.0 = Release|Tegra-Android
		{9D05F3D9-EC6D-4242-B847-B9A76F17FB3B}.Release|x64.ActiveCfg = Release|Tegra-Android
		{9D05F3D9-EC6D-4242-B847-B9A76F17FB3B}.Shipping|Emscripten.ActiveCfg = Release|Tegra-Android
		{9D05F3D9-EC6D-4242-B847-B9A76F17FB3B}.Shipping|Emscripten.Build.0 = Release|Tegra-Android
		{9D05F3D9-EC6D-4242-B847-B9A76F17FB3B}.Shipping|Mixed Platforms.ActiveCfg = Profile|Tegra-Android
		{9D05F3D9-EC6D-4242-B847-B9A76F17FB3B}.Shipping|Mixed Platforms.Build.0 = Profile|Tegra-Android
		{9D05F3D9-EC6D-4242-B847-B9A76F17FB3B}.Shipping|Tegra-Android.ActiveCfg = Profile|Tegra-Android
		{9D05F3D9-EC6D-4242-B847-B9A76F17FB3B}.Shipping|Tegra-Android.Build.0 = Profile|Tegra-Android
		{9D05F3D9-EC6D-4242-B847-B9A76F17FB3B}.Shipping|x64.ActiveCfg = Release|Tegra-Android
		{9D05F3D9-EC6D-4242-B847-B9A76F17FB3B}.Shipping|x64.Build.0 = Release|Tegra-Android
		{2D821114-8C7A-438D-A2A9-1E401A543D2D}.Debug|Emscripten.ActiveCfg = Debug|Tegra-Android
		{2D821114-8C7A-438D-A2A9-1E401A543D2D}.Debug|Mixed Platforms.ActiveCfg = Debug|Tegra-Android
		{2D821114-8C7A-438D-A2A9-1E401A543D2D}.Debug|Mixed Platforms.Build.0 = Debug|Tegra-Android
		{2D821114-8C7A-438D-A2A9-1E401A543D2D}.Debug|Tegra-Android.ActiveCfg = Debug|Tegra-Android
		{2D821114-8C7A-438D-A2A9-1E401A543D2D}.Debug|Tegra-Android.Build.0 = Debug|Tegra-Android
		{2D821114-8C7A-438D-A2A9-1E401A543D2D}.Debug|x64.ActiveCfg = Debug|Tegra-Android
		{2D821114-8C7A-438D-A2A9-1E401A543D2D}.Profile|Emscripten.ActiveCfg = Profile|Tegra-Android
		{2D821114-8C7A-438D-A2A9-1E401A543D2D}.Profile|Mixed Platforms.ActiveCfg = Profile|Tegra-Android
		{2D821114-8C7A-438D-A2A9-1E401A543D2D}.Profile|Mixed Platforms.Build.0 = Profile|Tegra-Android
		{2D821114-8C7A-438D-A2A9-1E401A543D2D}.Profile|Tegra-Android.ActiveCfg = Profile|Tegra-Android
		{2D821114-8C7A-438D-A2A9-1E401A543D2D}.Profile|Tegra-Android.Build.0 = Profile|Tegra-Android
		{2D821114-8C7A-438D-A2A9-1E401A543D2D}.Profile|x64.ActiveCfg = Profile|Tegra-Android
		{2D821114-8C7A-438D-A2A9-1E401A543D2D}.Release|Emscripten.ActiveCfg = Release|Tegra-Android
		{2D821114-8C7A-438D-A2A9-1E401A543D2D}.Release|Mixed Platforms.ActiveCfg = Release|Tegra-Android
		{2D821114-8C7A-438D-A2A9-1E401A543D2D}.Release|Mixed Platforms.Build.0 = Release|Tegra-Android
		{2D821114-8C7A-438D-A2A9-1E401A543D2D}.Release|Tegra-Android.ActiveCfg = Release|Tegra-Android
		{2D821114-8C7A-438D-A2A9-1E401A543D2D}.Release|Tegra-Android.Build.0 = Release|Tegra-Android
		{2D821114-8C7A-438D-A2A9-1E401A543D2D}.Release|x64.ActiveCfg = Release|Tegra-Android
		{2D821114-8C7A-438D-A2A9-1E401A543D2D}.Shipping|Emscripten.ActiveCfg = Release|Tegra-Android
		{2D821114-8C7A-438D-A2A9-1E401A543D2D}.Shipping|Emscripten.Build.0 = Release|Tegra-Android
		{2D821114-8C7A-438D-A2A9-1E401A543D2D}.Shipping|Mixed Platforms.ActiveCfg = Profile|Tegra-Android
		{2D821114-8C7A-438D-A2A9-1E401A543D2D}.Shipping|Mixed Platforms.Build.0 = Profile|Tegra-Android
		{2D821114-8C7A-438D-A2A9-1E401A543D2D}.Shipping|Tegra-Android.ActiveCfg = Profile|Tegra-Android
		{2D821114-8C7A-438D-A2A9-1E401A543D2D}.Shipping|Tegra-Android.Build.0 = Profile|Tegra-Android
		{2D821114-8C7A-438D-A2A9-1E401A543D2D}.Shipping|x64.ActiveCfg = Release|Tegra-Android
		{2D821114-8C7A-438D-A2A9-1E401A543D2D}.Shipping|x64.Build.0 = Release|Tegra-Android
		{011B2BBF-1C83-440E-8340-36FDC0F2205D}.Debug|Emscripten.ActiveCfg = Debug|Tegra-Android
		{011B2BBF-1C83-440E-8340-36FDC0F2205D}.Debug|Mixed Platforms.ActiveCfg = Debug|Tegra-Android
		{011B2BBF-1C83-440E-8340-36FDC0F2205D}.Debug|Mixed Platforms.Build.0 = Debug|Tegra-Android
		{011B2BBF-1C83-440E-8340-36FDC0F2205D}.Debug|Tegra-Android.ActiveCfg = Debug|Tegra-Android
		{011B2BBF-1C83-440E-8340-36FDC0F2205D}.Debug|Tegra-Android.Build.0 = Debug|Tegra-Android
		{011B2BBF-1C83-440E-8340-36FDC0F2205D}.Debug|x64.ActiveCfg = Debug|Tegra-Android
		{011B2BBF-1C83-440E-8340-36FDC0F2205D}.Profile|Emscripten.ActiveCfg = Profile|Tegra-Android
		{011B2BBF-1C83-440E-8340-36FDC0F2205D}.Profile|Mixed Platforms.ActiveCfg = Profile|Tegra-Android
		{011B2BBF-1C83-440E-8340-36FDC0F2205D}.Profile|Mixed Platforms.Build.0 = Profile|Tegra-Android
		{011B2BBF-1C83-440E-8340-36FDC0F2205D}.Profile|Tegra-Android.ActiveCfg = Profile|Tegra-Android
		{011B2BBF-1C83-440E-8340-36FDC0F2205D}.Profile|Tegra-Android.Build.0 = Profile|Tegra-Android
		{011B2BBF-1C83-440E-8340-36FDC0F2205D}.Profile|x64.ActiveCfg = Profile|Tegra-Android
		{011B2BBF-1C83-440E-8340-36FDC0F2205D}.Release|Emscripten.ActiveCfg = Release|Tegra-Android
		{011B2BBF-1C83-440E-8340-36FDC0F2205D}.Release|Mixed Platforms.ActiveCfg = Release|Tegra-Android
		{011B2BBF-1C83-440E-8340-36FDC0F2205D}.Release|Mixed Platforms.Build.0 = Release|Tegra-Android
		{011B2BBF-1C83-440E-8340-36FDC0F2205D}.Release|Tegra-Android.ActiveCfg = Release|Tegra-Android
		{011B2BBF-1C83-440E-8340-36FDC0F2205D}.Release|Tegra-Android.Build.0 = Release|Tegra-Android
		{011B2BBF-1C83-440E-8340-36FDC0F2205D}.Release|x64.ActiveCfg = Release|Tegra-Android
		{011B2BBF-1C83-440E-8340-36FDC0F2205D}.Shipping|Emscripten.ActiveCfg = Release|Tegra-Android
		{011B2BBF-1C83-440E-8340-36FDC0F2205D}.Shipping|Emscripten.Build.0 = Release|Tegra-Android
		{011B2BBF-1C83-440E-8340-36FDC0F2205D}.Shipping|Mixed Platforms.ActiveCfg = Profile|Tegra-Android
		{011B2BBF-1C83-440E-8340-36FDC0F2205D}.Shipping|Mixed Platforms.Build.0 = Profile|Tegra-Android
		{011B2BBF-1C83-440E-8340-36FDC0F2205D}.Shipping|Tegra-Android.ActiveCfg = Profile|Tegra-Android
		{011B2BBF-1C83-440E-8340-36FDC0F2205D}.Shipping|Tegra-Android.Build.0 = Profile|Tegra-Android
		{011B2BBF-1C83-440E-8340-36FDC0F2205D}.Shipping|x64.ActiveCfg = Release|Tegra-Android
		{011B2BBF-1C83-440E-8340-36FDC0F2205D}.Shipping|x64.Build.0 = Release|Tegra-Android
		{29840BD0-19C2-4DDD-BC75-2EC94B6C9EEC}.Debug|Emscripten.ActiveCfg = Debug|Emscripten
		{29840BD0-19C2-4DDD-BC75-2EC94B6C9EEC}.Debug|Emscripten.Build.0 = Debug|Emscripten
		{29840BD0-19C2-4DDD-BC75-2EC94B6C9EEC}.Debug|Mixed Platforms.ActiveCfg = Debug|x64
		{29840BD0-19C2-4DDD-BC75-2EC94B6C9EEC}.Debug|Mixed Platforms.Build.0 = Debug|x64
		{29840BD0-19C2-4DDD-BC75-2EC94B6C9EEC}.Debug|Tegra-Android.ActiveCfg = Debug|Tegra-Android
		{29840BD0-19C2-4DDD-BC75-2EC94B6C9EEC}.Debug|Tegra-Android.Build.0 = Debug|Tegra-Android
		{29840BD0-19C2-4DDD-BC75-2EC94B6C9EEC}.Debug|x64.ActiveCfg = Debug|x64
		{29840BD0-19C2-4DDD-BC75-2EC94B6C9EEC}.Debug|x64.Build.0 = Debug|x64
		{29840BD0-19C2-4DDD-BC75-2EC94B6C9EEC}.Profile|Emscripten.ActiveCfg = Debug|Emscripten
		{29840BD0-19C2-4DDD-BC75-2EC94B6C9EEC}.Profile|Emscripten.Build.0 = Debug|Emscripten
		{29840BD0-19C2-4DDD-BC75-2EC94B6C9EEC}.Profile|Mixed Platforms.ActiveCfg = Release|x64
		{29840BD0-19C2-4DDD-BC75-2EC94B6C9EEC}.Profile|Mixed Platforms.Build.0 = Release|x64
		{29840BD0-19C2-4DDD-BC75-2EC94B6C9EEC}.Profile|Tegra-Android.ActiveCfg = Debug|Emscripten
		{29840BD0-19C2-4DDD-BC75-2EC94B6C9EEC}.Profile|Tegra-Android.Build.0 = Debug|Emscripten
		{29840BD0-19C2-4DDD-BC75-2EC94B6C9EEC}.Profile|x64.ActiveCfg = Release|x64
		{29840BD0-19C2-4DDD-BC75-2EC94B6C9EEC}.Profile|x64.Build.0 = Release|x64
		{29840BD0-19C2-4DDD-BC75-2EC94B6C9EEC}.Release|Emscripten.ActiveCfg = Release|Emscripten
		{29840BD0-19C2-4DDD-BC75-2EC94B6C9EEC}.Release|Emscripten.Build.0 = Release|Emscripten
		{29840BD0-19C2-4DDD-BC75-2EC94B6C9EEC}.Release|Mixed Platforms.ActiveCfg = Release|x64
		{29840BD0-19C2-4DDD-BC75-2EC94B6C9EEC}.Release|Mixed Platforms.Build.0 = Release|x64
		{29840BD0-19C2-4DDD-BC75-2EC94B6C9EEC}.Release|Tegra-Android.ActiveCfg = Release|Tegra-Android
		{29840BD0-19C2-4DDD-BC75-2EC94B6C9EEC}.Release|Tegra-Android.Build.0 = Release|Tegra-Android
		{29840BD0-19C2-4DDD-BC75-2EC94B6C9EEC}.Release|x64.ActiveCfg = Release|x64
		{29840BD0-19C2-4DDD-BC75-2EC94B6C9EEC}.Release|x64.Build.0 = Release|x64
		{29840BD0-19C2-4DDD-BC75-2EC94B6C9EEC}.Shipping|Emscripten.ActiveCfg = Debug|Emscripten
		{29840BD0-19C2-4DDD-BC75-2EC94B6C9EEC}.Shipping|Emscripten.Build.0 = Debug|Emscripten
		{29840BD0-19C2-4DDD-BC75-2EC94B6C9EEC}.Shipping|Mixed Platforms.ActiveCfg = Release|x64
		{29840BD0-19C2-4DDD-BC75-2EC94B6C9EEC}.Shipping|Mixed Platforms.Build.0 = Release|x64
		{29840BD0-19C2-4DDD-BC75-2EC94B6C9EEC}.Shipping|Tegra-Android.ActiveCfg = Debug|Emscripten
		{29840BD0-19C2-4DDD-BC75-2EC94B6C9EEC}.Shipping|Tegra-Android.Build.0 = Debug|Emscripten
		{29840BD0-19C2-4DDD-BC75-2EC94B6C9EEC}.Shipping|x64.ActiveCfg = Release|x64
		{29840BD0-19C2-4DDD-BC75-2EC94B6C9EEC}.Shipping|x64.Build.0 = Release|x64
		{F80B6D73-CA42-4949-BE7F-69520872C43A}.Debug|Emscripten.ActiveCfg = Debug|Tegra-Android
		{F80B6D73-CA42-4949-BE7F-69520872C43A}.Debug|Mixed Platforms.ActiveCfg = Debug|Tegra-Android
		{F80B6D73-CA42-4949-BE7F-69520872C43A}.Debug|Mixed Platforms.Build.0 = Debug|Tegra-Android
		{F80B6D73-CA42-4949-BE7F-69520872C43A}.Debug|Tegra-Android.ActiveCfg = Debug|Tegra-Android
		{F80B6D73-CA42-4949-BE7F-69520872C43A}.Debug|Tegra-Android.Build.0 = Debug|Tegra-Android
		{F80B6D73-CA42-4949-BE7F-69520872C43A}.Debug|x64.ActiveCfg = Debug|Tegra-Android
		{F80B6D73-CA42-4949-BE7F-69520872C43A}.Profile|Emscripten.ActiveCfg = Shipping|Tegra-Android
		{F80B6D73-CA42-4949-BE7F-69520872C43A}.Profile|Emscripten.Build.0 = Shipping|Tegra-Android
		{F80B6D73-CA42-4949-BE7F-69520872C43A}.Profile|Mixed Platforms.ActiveCfg = Shipping|Tegra-Android
		{F80B6D73-CA42-4949-BE7F-69520872C43A}.Profile|Mixed Platforms.Build.0 = Shipping|Tegra-Android
		{F80B6D73-CA42-4949-BE7F-69520872C43A}.Profile|Tegra-Android.ActiveCfg = Shipping|Tegra-Android
		{F80B6D73-CA42-4949-BE7F-69520872C43A}.Profile|Tegra-Android.Build.0 = Shipping|Tegra-Android
		{F80B6D73-CA42-4949-BE7F-69520872C43A}.Profile|x64.ActiveCfg = Shipping|Tegra-Android
		{F80B6D73-CA42-4949-BE7F-69520872C43A}.Profile|x64.Build.0 = Shipping|Tegra-Android
		{F80B6D73-CA42-4949-BE7F-69520872C43A}.Release|Emscripten.ActiveCfg = Release|Tegra-Android
		{F80B6D73-CA42-4949-BE7F-69520872C43A}.Release|Mixed Platforms.ActiveCfg = Release|Tegra-Android
		{F80B6D73-CA42-4949-BE7F-69520872C43A}.Release|Mixed Platforms.Build.0 = Release|Tegra-Android
		{F80B6D73-CA42-4949-BE7F-69520872C43A}.Release|Tegra-Android.ActiveCfg = Release|Tegra-Android
		{F80B6D73-CA42-4949-BE7F-69520872C43A}.Release|Tegra-Android.Build.0 = Release|Tegra-Android
		{F80B6D73-CA42-4949-BE7F-69520872C43A}.Release|x64.ActiveCfg = Release|Tegra-Android
		{F80B6D73-CA42-4949-BE7F-69520872C43A}.Shipping|Emscripten.ActiveCfg = Shipping|Tegra-Android
		{F80B6D73-CA42-4949-BE7F-69520872C43A}.Shipping|Mixed Platforms.ActiveCfg = Shipping|Tegra-Android
		{F80B6D73-CA42-4949-BE7F-69520872C43A}.Shipping|Mixed Platforms.Build.0 = Shipping|Tegra-Android
		{F80B6D73-CA42-4949-BE7F-69520872C43A}.Shipping|Tegra-Android.ActiveCfg = Shipping|Tegra-Android
		{F80B6D73-CA42-4949-BE7F-69520872C43A}.Shipping|Tegra-Android.Build.0 = Shipping|Tegra-Android
		{F80B6D73-CA42-4949-BE7F-69520872C43A}.Shipping|x64.ActiveCfg = Shipping|Tegra-Android
	EndGlobalSection
	GlobalSection(SolutionProperties) = preSolution
		HideSolutionNode = FALSE
	EndGlobalSection
	GlobalSection(ExtensibilityGlobals) = postSolution
		SolutionGuid = {BE68605C-0C62-4FC8-A7C4-E5EB5E7CF9AE}
	EndGlobalSection
EndGlobal
