<?xml version="1.0" encoding="utf-8"?>
<Project ToolsVersion="4.0" xmlns="http://schemas.microsoft.com/developer/msbuild/2003">
  <ItemGroup>
    <ClCompile Include="..\..\Core\Bullet\BulletCollision\BroadphaseCollision\btAxisSweep3.cpp" />
    <ClCompile Include="..\..\Core\Bullet\BulletCollision\BroadphaseCollision\btBroadphaseProxy.cpp" />
    <ClCompile Include="..\..\Core\Bullet\BulletCollision\BroadphaseCollision\btCollisionAlgorithm.cpp" />
    <ClCompile Include="..\..\Core\Bullet\BulletCollision\BroadphaseCollision\btDbvt.cpp" />
    <ClCompile Include="..\..\Core\Bullet\BulletCollision\BroadphaseCollision\btDbvtBroadphase.cpp" />
    <ClCompile Include="..\..\Core\Bullet\BulletCollision\BroadphaseCollision\btDispatcher.cpp" />
    <ClCompile Include="..\..\Core\Bullet\BulletCollision\BroadphaseCollision\btMultiSapBroadphase.cpp" />
    <ClCompile Include="..\..\Core\Bullet\BulletCollision\BroadphaseCollision\btOverlappingPairCache.cpp" />
    <ClCompile Include="..\..\Core\Bullet\BulletCollision\BroadphaseCollision\btQuantizedBvh.cpp" />
    <ClCompile Include="..\..\Core\Bullet\BulletCollision\BroadphaseCollision\btSimpleBroadphase.cpp" />
    <ClCompile Include="..\..\Core\Bullet\BulletCollision\CollisionDispatch\btActivatingCollisionAlgorithm.cpp" />
    <ClCompile Include="..\..\Core\Bullet\BulletCollision\CollisionDispatch\btBox2dBox2dCollisionAlgorithm.cpp" />
    <ClCompile Include="..\..\Core\Bullet\BulletCollision\CollisionDispatch\btBoxBoxCollisionAlgorithm.cpp" />
    <ClCompile Include="..\..\Core\Bullet\BulletCollision\CollisionDispatch\btBoxBoxDetector.cpp" />
    <ClCompile Include="..\..\Core\Bullet\BulletCollision\CollisionDispatch\btCollisionDispatcher.cpp" />
    <ClCompile Include="..\..\Core\Bullet\BulletCollision\CollisionDispatch\btCollisionObject.cpp" />
    <ClCompile Include="..\..\Core\Bullet\BulletCollision\CollisionDispatch\btCollisionWorld.cpp" />
    <ClCompile Include="..\..\Core\Bullet\BulletCollision\CollisionDispatch\btCompoundCollisionAlgorithm.cpp" />
    <ClCompile Include="..\..\Core\Bullet\BulletCollision\CollisionDispatch\btConvex2dConvex2dAlgorithm.cpp" />
    <ClCompile Include="..\..\Core\Bullet\BulletCollision\CollisionDispatch\btConvexConcaveCollisionAlgorithm.cpp" />
    <ClCompile Include="..\..\Core\Bullet\BulletCollision\CollisionDispatch\btConvexConvexAlgorithm.cpp" />
    <ClCompile Include="..\..\Core\Bullet\BulletCollision\CollisionDispatch\btConvexPlaneCollisionAlgorithm.cpp" />
    <ClCompile Include="..\..\Core\Bullet\BulletCollision\CollisionDispatch\btDefaultCollisionConfiguration.cpp" />
    <ClCompile Include="..\..\Core\Bullet\BulletCollision\CollisionDispatch\btEmptyCollisionAlgorithm.cpp" />
    <ClCompile Include="..\..\Core\Bullet\BulletCollision\CollisionDispatch\btGhostObject.cpp" />
    <ClCompile Include="..\..\Core\Bullet\BulletCollision\CollisionDispatch\btInternalEdgeUtility.cpp" />
    <ClCompile Include="..\..\Core\Bullet\BulletCollision\CollisionDispatch\btManifoldResult.cpp" />
    <ClCompile Include="..\..\Core\Bullet\BulletCollision\CollisionDispatch\btSimulationIslandManager.cpp" />
    <ClCompile Include="..\..\Core\Bullet\BulletCollision\CollisionDispatch\btSphereBoxCollisionAlgorithm.cpp" />
    <ClCompile Include="..\..\Core\Bullet\BulletCollision\CollisionDispatch\btSphereSphereCollisionAlgorithm.cpp" />
    <ClCompile Include="..\..\Core\Bullet\BulletCollision\CollisionDispatch\btSphereTriangleCollisionAlgorithm.cpp" />
    <ClCompile Include="..\..\Core\Bullet\BulletCollision\CollisionDispatch\btUnionFind.cpp" />
    <ClCompile Include="..\..\Core\Bullet\BulletCollision\CollisionDispatch\SphereTriangleDetector.cpp" />
    <ClCompile Include="..\..\Core\Bullet\BulletCollision\CollisionShapes\btBox2dShape.cpp" />
    <ClCompile Include="..\..\Core\Bullet\BulletCollision\CollisionShapes\btBoxShape.cpp" />
    <ClCompile Include="..\..\Core\Bullet\BulletCollision\CollisionShapes\btBvhTriangleMeshShape.cpp" />
    <ClCompile Include="..\..\Core\Bullet\BulletCollision\CollisionShapes\btCapsuleShape.cpp" />
    <ClCompile Include="..\..\Core\Bullet\BulletCollision\CollisionShapes\btCollisionShape.cpp" />
    <ClCompile Include="..\..\Core\Bullet\BulletCollision\CollisionShapes\btCompoundShape.cpp" />
    <ClCompile Include="..\..\Core\Bullet\BulletCollision\CollisionShapes\btConcaveShape.cpp" />
    <ClCompile Include="..\..\Core\Bullet\BulletCollision\CollisionShapes\btConeShape.cpp" />
    <ClCompile Include="..\..\Core\Bullet\BulletCollision\CollisionShapes\btConvex2dShape.cpp" />
    <ClCompile Include="..\..\Core\Bullet\BulletCollision\CollisionShapes\btConvexHullShape.cpp" />
    <ClCompile Include="..\..\Core\Bullet\BulletCollision\CollisionShapes\btConvexInternalShape.cpp" />
    <ClCompile Include="..\..\Core\Bullet\BulletCollision\CollisionShapes\btConvexPointCloudShape.cpp" />
    <ClCompile Include="..\..\Core\Bullet\BulletCollision\CollisionShapes\btConvexShape.cpp" />
    <ClCompile Include="..\..\Core\Bullet\BulletCollision\CollisionShapes\btConvexTriangleMeshShape.cpp" />
    <ClCompile Include="..\..\Core\Bullet\BulletCollision\CollisionShapes\btCylinderShape.cpp" />
    <ClCompile Include="..\..\Core\Bullet\BulletCollision\CollisionShapes\btEmptyShape.cpp" />
    <ClCompile Include="..\..\Core\Bullet\BulletCollision\CollisionShapes\btHeightfieldTerrainShape.cpp" />
    <ClCompile Include="..\..\Core\Bullet\BulletCollision\CollisionShapes\btMinkowskiSumShape.cpp" />
    <ClCompile Include="..\..\Core\Bullet\BulletCollision\CollisionShapes\btMultimaterialTriangleMeshShape.cpp" />
    <ClCompile Include="..\..\Core\Bullet\BulletCollision\CollisionShapes\btMultiSphereShape.cpp" />
    <ClCompile Include="..\..\Core\Bullet\BulletCollision\CollisionShapes\btOptimizedBvh.cpp" />
    <ClCompile Include="..\..\Core\Bullet\BulletCollision\CollisionShapes\btPolyhedralConvexShape.cpp" />
    <ClCompile Include="..\..\Core\Bullet\BulletCollision\CollisionShapes\btScaledBvhTriangleMeshShape.cpp" />
    <ClCompile Include="..\..\Core\Bullet\BulletCollision\CollisionShapes\btShapeHull.cpp" />
    <ClCompile Include="..\..\Core\Bullet\BulletCollision\CollisionShapes\btSphereShape.cpp" />
    <ClCompile Include="..\..\Core\Bullet\BulletCollision\CollisionShapes\btStaticPlaneShape.cpp" />
    <ClCompile Include="..\..\Core\Bullet\BulletCollision\CollisionShapes\btStridingMeshInterface.cpp" />
    <ClCompile Include="..\..\Core\Bullet\BulletCollision\CollisionShapes\btTetrahedronShape.cpp" />
    <ClCompile Include="..\..\Core\Bullet\BulletCollision\CollisionShapes\btTriangleBuffer.cpp" />
    <ClCompile Include="..\..\Core\Bullet\BulletCollision\CollisionShapes\btTriangleCallback.cpp" />
    <ClCompile Include="..\..\Core\Bullet\BulletCollision\CollisionShapes\btTriangleIndexVertexArray.cpp" />
    <ClCompile Include="..\..\Core\Bullet\BulletCollision\CollisionShapes\btTriangleIndexVertexMaterialArray.cpp" />
    <ClCompile Include="..\..\Core\Bullet\BulletCollision\CollisionShapes\btTriangleMesh.cpp" />
    <ClCompile Include="..\..\Core\Bullet\BulletCollision\CollisionShapes\btTriangleMeshShape.cpp" />
    <ClCompile Include="..\..\Core\Bullet\BulletCollision\CollisionShapes\btUniformScalingShape.cpp" />
    <ClCompile Include="..\..\Core\Bullet\BulletCollision\Gimpact\btContactProcessing.cpp" />
    <ClCompile Include="..\..\Core\Bullet\BulletCollision\Gimpact\btGenericPoolAllocator.cpp" />
    <ClCompile Include="..\..\Core\Bullet\BulletCollision\Gimpact\btGImpactBvh.cpp" />
    <ClCompile Include="..\..\Core\Bullet\BulletCollision\Gimpact\btGImpactCollisionAlgorithm.cpp" />
    <ClCompile Include="..\..\Core\Bullet\BulletCollision\Gimpact\btGImpactQuantizedBvh.cpp" />
    <ClCompile Include="..\..\Core\Bullet\BulletCollision\Gimpact\btGImpactShape.cpp" />
    <ClCompile Include="..\..\Core\Bullet\BulletCollision\Gimpact\btTriangleShapeEx.cpp" />
    <ClCompile Include="..\..\Core\Bullet\BulletCollision\Gimpact\gim_box_set.cpp" />
    <ClCompile Include="..\..\Core\Bullet\BulletCollision\Gimpact\gim_contact.cpp" />
    <ClCompile Include="..\..\Core\Bullet\BulletCollision\Gimpact\gim_memory.cpp" />
    <ClCompile Include="..\..\Core\Bullet\BulletCollision\Gimpact\gim_tri_collision.cpp" />
    <ClCompile Include="..\..\Core\Bullet\BulletCollision\NarrowPhaseCollision\btContinuousConvexCollision.cpp" />
    <ClCompile Include="..\..\Core\Bullet\BulletCollision\NarrowPhaseCollision\btConvexCast.cpp" />
    <ClCompile Include="..\..\Core\Bullet\BulletCollision\NarrowPhaseCollision\btGjkConvexCast.cpp" />
    <ClCompile Include="..\..\Core\Bullet\BulletCollision\NarrowPhaseCollision\btGjkEpa2.cpp" />
    <ClCompile Include="..\..\Core\Bullet\BulletCollision\NarrowPhaseCollision\btGjkEpaPenetrationDepthSolver.cpp" />
    <ClCompile Include="..\..\Core\Bullet\BulletCollision\NarrowPhaseCollision\btGjkPairDetector.cpp" />
    <ClCompile Include="..\..\Core\Bullet\BulletCollision\NarrowPhaseCollision\btMinkowskiPenetrationDepthSolver.cpp" />
    <ClCompile Include="..\..\Core\Bullet\BulletCollision\NarrowPhaseCollision\btPersistentManifold.cpp" />
    <ClCompile Include="..\..\Core\Bullet\BulletCollision\NarrowPhaseCollision\btRaycastCallback.cpp" />
    <ClCompile Include="..\..\Core\Bullet\BulletCollision\NarrowPhaseCollision\btSubSimplexConvexCast.cpp" />
    <ClCompile Include="..\..\Core\Bullet\BulletCollision\NarrowPhaseCollision\btVoronoiSimplexSolver.cpp" />
  </ItemGroup>
</Project>