<?xml version="1.0" encoding="utf-8"?>
<Project ToolsVersion="4.0" xmlns="http://schemas.microsoft.com/developer/msbuild/2003">
  <ItemGroup>
    <Filter Include="Source Files">
      <UniqueIdentifier>{4FC737F1-C7A5-4376-A066-2A32D752A2FF}</UniqueIdentifier>
      <Extensions>cpp;c;cc;cxx;def;odl;idl;hpj;bat;asm;asmx</Extensions>
    </Filter>
    <Filter Include="Header Files">
      <UniqueIdentifier>{93995380-89BD-4b04-88EB-625FBE52EBFB}</UniqueIdentifier>
      <Extensions>h;hpp;hxx;hm;inl;inc;xsd</Extensions>
    </Filter>
    <Filter Include="Resource Files">
      <UniqueIdentifier>{67DA6AB6-F800-4c08-8B7A-83BB121AAD01}</UniqueIdentifier>
      <Extensions>rc;ico;cur;bmp;dlg;rc2;rct;bin;rgs;gif;jpg;jpeg;jpe;resx;tiff;tif;png;wav</Extensions>
    </Filter>
    <Filter Include="Game">
      <UniqueIdentifier>{be06e294-40fb-4091-a0a9-3506bd3ab915}</UniqueIdentifier>
    </Filter>
    <Filter Include="Game\JPEG">
      <UniqueIdentifier>{e8c52de0-802b-4b29-a9b0-6de3cd1ac80d}</UniqueIdentifier>
    </Filter>
    <Filter Include="Game\Network">
      <UniqueIdentifier>{bb88d0be-2bc3-4054-9b57-0c2c3cb1221e}</UniqueIdentifier>
    </Filter>
    <Filter Include="WebsocketServer">
      <UniqueIdentifier>{7b74a366-2351-466c-bf35-a41fb4ab1c9f}</UniqueIdentifier>
    </Filter>
    <Filter Include="Game\ComputerShader">
      <UniqueIdentifier>{9ac9a495-e817-4296-b42c-96cbcfc5e050}</UniqueIdentifier>
    </Filter>
    <Filter Include="ProtoBuf">
      <UniqueIdentifier>{58cb5dc7-e437-4de6-b2e8-db6dc03a06b0}</UniqueIdentifier>
    </Filter>
  </ItemGroup>
  <ItemGroup>
    <ClCompile Include="stdafx.cpp">
      <Filter>Source Files</Filter>
    </ClCompile>
    <ClCompile Include="..\EngineTest\TestPhase.cpp">
      <Filter>Source Files</Filter>
    </ClCompile>
    <ClCompile Include="Win32Test.cpp">
      <Filter>Source Files</Filter>
    </ClCompile>
    <ClCompile Include="..\EngineTest\GameApp.cpp">
      <Filter>Game</Filter>
    </ClCompile>
    <ClCompile Include="..\EngineTest\Sample.cpp">
      <Filter>Game</Filter>
    </ClCompile>
    <ClCompile Include="..\EngineTest\TestShader.cpp">
      <Filter>Game</Filter>
    </ClCompile>
    <ClCompile Include="..\EngineTest\JPEGCodingTest.cpp">
      <Filter>Game\JPEG</Filter>
    </ClCompile>
    <ClCompile Include="..\EngineTest\HappyHttpTest.cpp">
      <Filter>Game</Filter>
    </ClCompile>
    <ClCompile Include="..\EngineTest\JSBinding.cpp">
      <Filter>Game</Filter>
    </ClCompile>
    <ClCompile Include="..\EngineTest\NetworkSample.cpp">
      <Filter>Game\Network</Filter>
    </ClCompile>
    <ClCompile Include="..\EngineTest\WebsocketServer.cpp">
      <Filter>WebsocketServer</Filter>
    </ClCompile>
    <ClCompile Include="..\EngineTest\ComputerShader.cpp">
      <Filter>Game\ComputerShader</Filter>
    </ClCompile>
    <ClCompile Include="..\EngineTest\Proto\addressbook.pb.cc">
      <Filter>ProtoBuf</Filter>
    </ClCompile>
    <ClCompile Include="..\EngineTest\Proto\MessageTest.pb.cc">
      <Filter>ProtoBuf</Filter>
    </ClCompile>
  </ItemGroup>
  <ItemGroup>
    <ClInclude Include="Resource.h">
      <Filter>Header Files</Filter>
    </ClInclude>
    <ClInclude Include="stdafx.h">
      <Filter>Header Files</Filter>
    </ClInclude>
    <ClInclude Include="targetver.h">
      <Filter>Header Files</Filter>
    </ClInclude>
    <ClInclude Include="test.h">
      <Filter>Header Files</Filter>
    </ClInclude>
    <ClInclude Include="..\EngineTest\TestPhase.h">
      <Filter>Header Files</Filter>
    </ClInclude>
    <ClInclude Include="..\EngineTest\GameApp.h">
      <Filter>Game</Filter>
    </ClInclude>
    <ClInclude Include="..\EngineTest\TestShader.h">
      <Filter>Game</Filter>
    </ClInclude>
    <ClInclude Include="..\EngineTest\JPEGCodingTest.h">
      <Filter>Game\JPEG</Filter>
    </ClInclude>
    <ClInclude Include="..\EngineTest\NetworkSample.h">
      <Filter>Game\Network</Filter>
    </ClInclude>
    <ClInclude Include="..\EngineTest\WebsocketServer.h">
      <Filter>WebsocketServer</Filter>
    </ClInclude>
    <ClInclude Include="..\EngineTest\ComputerShader.h">
      <Filter>Game\ComputerShader</Filter>
    </ClInclude>
    <ClInclude Include="..\EngineTest\ComputerShaderUniform.h">
      <Filter>Game\ComputerShader</Filter>
    </ClInclude>
    <ClInclude Include="..\EngineTest\Proto\addressbook.pb.h">
      <Filter>ProtoBuf</Filter>
    </ClInclude>
    <ClInclude Include="..\EngineTest\Proto\MessageTest.pb.h">
      <Filter>ProtoBuf</Filter>
    </ClInclude>
  </ItemGroup>
  <ItemGroup>
    <Image Include="small.ico">
      <Filter>Resource Files</Filter>
    </Image>
    <Image Include="test.ico">
      <Filter>Resource Files</Filter>
    </Image>
  </ItemGroup>
  <ItemGroup>
    <ResourceCompile Include="test.rc">
      <Filter>Resource Files</Filter>
    </ResourceCompile>
  </ItemGroup>
  <ItemGroup>
    <None Include="packages.config" />
  </ItemGroup>
</Project>